
Microsoft Visual Studio Solution File, Format Version 12.00
# Visual Studio 15
VisualStudioVersion = 15.0.27703.2035
MinimumVisualStudioVersion = 10.0.40219.1
Project("{FAE04EC0-301F-11D3-BF4B-00C04F79EFBC}") = "GateServer", "GateServer\GateServer.csproj", "{234626EB-6E4F-4401-954B-5AC274268DD3}"
EndProject
Project("{FAE04EC0-301F-11D3-BF4B-00C04F79EFBC}") = "TestDemo", "TestDemo\TestDemo.csproj", "{61A11B06-20ED-4B47-B243-40D028351FB2}"
EndProject
Global
	GlobalSection(SolutionConfigurationPlatforms) = preSolution
		Debug|Any CPU = Debug|Any CPU
		Release|Any CPU = Release|Any CPU
	EndGlobalSection
	GlobalSection(ProjectConfigurationPlatforms) = postSolution
		{234626EB-6E4F-4401-954B-5AC274268DD3}.Debug|Any CPU.ActiveCfg = Debug|Any CPU
		{234626EB-6E4F-4401-954B-5AC274268DD3}.Debug|Any CPU.Build.0 = Debug|Any CPU
		{234626EB-6E4F-4401-954B-5AC274268DD3}.Release|Any CPU.ActiveCfg = Release|Any CPU
		{234626EB-6E4F-4401-954B-5AC274268DD3}.Release|Any CPU.Build.0 = Release|Any CPU
		{61A11B06-20ED-4B47-B243-40D028351FB2}.Debug|Any CPU.ActiveCfg = Debug|Any CPU
		{61A11B06-20ED-4B47-B243-40D028351FB2}.Debug|Any CPU.Build.0 = Debug|Any CPU
		{61A11B06-20ED-4B47-B243-40D028351FB2}.Release|Any CPU.ActiveCfg = Release|Any CPU
		{61A11B06-20ED-4B47-B243-40D028351FB2}.Release|Any CPU.Build.0 = Release|Any CPU
	EndGlobalSection
	GlobalSection(SolutionProperties) = preSolution
		HideSolutionNode = FALSE
	EndGlobalSection
	GlobalSection(ExtensibilityGlobals) = postSolution
		SolutionGuid = {C4DC6969-4E77-42D8-ACCC-49172233BC7E}
	EndGlobalSection
EndGlobal
